
Microsoft Visual Studio Solution File, Format Version 12.00
# Visual Studio Version 16
VisualStudioVersion = 16.0.29102.190
MinimumVisualStudioVersion = 10.0.40219.1
Project("{FAE04EC0-301F-11D3-BF4B-00C04F79EFBC}") = "UML", "UML.csproj", "{04374EA6-1C50-4894-AFB8-7BED0CB648DA}"
EndProject
Global
	GlobalSection(SolutionConfigurationPlatforms) = preSolution
		Debug|Any CPU = Debug|Any CPU
		Release|Any CPU = Release|Any CPU
	EndGlobalSection
	GlobalSection(ProjectConfigurationPlatforms) = postSolution
		{04374EA6-1C50-4894-AFB8-7BED0CB648DA}.Debug|Any CPU.ActiveCfg = Debug|Any CPU
		{04374EA6-1C50-4894-AFB8-7BED0CB648DA}.Debug|Any CPU.Build.0 = Debug|Any CPU
		{04374EA6-1C50-4894-AFB8-7BED0CB648DA}.Release|Any CPU.ActiveCfg = Release|Any CPU
		{04374EA6-1C50-4894-AFB8-7BED0CB648DA}.Release|Any CPU.Build.0 = Release|Any CPU
	EndGlobalSection
	GlobalSection(SolutionProperties) = preSolution
		HideSolutionNode = FALSE
	EndGlobalSection
	GlobalSection(ExtensibilityGlobals) = postSolution
		SolutionGuid = {2FC42E6E-7DB8-4407-A74E-F7D391994162}
	EndGlobalSection
EndGlobal
